// !$*UTF8*$!
{
	archiveVersion = 1;
	classes = {
	};
	objectVersion = 51;
	objects = {

/* Begin PBXBuildFile section */
		376819AECA3A5D60329F6E2F /* Pods_M_A_H.framework in Frameworks */ = {isa = PBXBuildFile; fileRef = 03ECB90DC98F63EC987F9453 /* Pods_M_A_H.framework */; };
		F40832AD23D25C6900CEFF81 /* Member.swift in Sources */ = {isa = PBXBuildFile; fileRef = F40832AC23D25C6900CEFF81 /* Member.swift */; };
		F40832AF23D2693600CEFF81 /* ScoreboardCollectionViewCell.swift in Sources */ = {isa = PBXBuildFile; fileRef = F40832AE23D2693600CEFF81 /* ScoreboardCollectionViewCell.swift */; };
		F41AC31E23BAC21B00F2B8C9 /* Extension + UIView.swift in Sources */ = {isa = PBXBuildFile; fileRef = F41AC31D23BAC21B00F2B8C9 /* Extension + UIView.swift */; };
		F41DCC0B230259C70018C3D9 /* PromptCard.swift in Sources */ = {isa = PBXBuildFile; fileRef = F41DCC0A230259C70018C3D9 /* PromptCard.swift */; };
		F41DCC0D23033D1D0018C3D9 /* PromptCardView.swift in Sources */ = {isa = PBXBuildFile; fileRef = F41DCC0C23033D1D0018C3D9 /* PromptCardView.swift */; };
		F427EE1123260A1F0005F2A2 /* CollectionViewCard.swift in Sources */ = {isa = PBXBuildFile; fileRef = F427EE1023260A1F0005F2A2 /* CollectionViewCard.swift */; };
		F438B39D22E933C9008314AE /* Extension+UIImageView.swift in Sources */ = {isa = PBXBuildFile; fileRef = F438B39C22E933C9008314AE /* Extension+UIImageView.swift */; };
		F438B3A322EA1050008314AE /* Constants.swift in Sources */ = {isa = PBXBuildFile; fileRef = F438B3A222EA1050008314AE /* Constants.swift */; };
		F438B3A922EA19BB008314AE /* SignUpViewController.swift in Sources */ = {isa = PBXBuildFile; fileRef = F438B3A822EA19BB008314AE /* SignUpViewController.swift */; };
		F438B3AB22EA4E45008314AE /* StartGameViewController.swift in Sources */ = {isa = PBXBuildFile; fileRef = F438B3AA22EA4E45008314AE /* StartGameViewController.swift */; };
		F438B3AD22EB675A008314AE /* LobbyViewController.swift in Sources */ = {isa = PBXBuildFile; fileRef = F438B3AC22EB675A008314AE /* LobbyViewController.swift */; };
		F438B3AF22EB6782008314AE /* InvitePlayersViewController.swift in Sources */ = {isa = PBXBuildFile; fileRef = F438B3AE22EB6782008314AE /* InvitePlayersViewController.swift */; };
		F438B3B122EB765D008314AE /* MemesCollectionViewController.swift in Sources */ = {isa = PBXBuildFile; fileRef = F438B3B022EB765D008314AE /* MemesCollectionViewController.swift */; };
		F438B3B322EB7675008314AE /* PropmtsCollectionViewController.swift in Sources */ = {isa = PBXBuildFile; fileRef = F438B3B222EB7675008314AE /* PropmtsCollectionViewController.swift */; };
		F438B3B522EBF7D8008314AE /* Session.swift in Sources */ = {isa = PBXBuildFile; fileRef = F438B3B422EBF7D8008314AE /* Session.swift */; };
		F448E79F23AB090A00AEBDF3 /* EndGameCardView.swift in Sources */ = {isa = PBXBuildFile; fileRef = F448E79E23AB090A00AEBDF3 /* EndGameCardView.swift */; };
		F44F468C231614C8009585EA /* Game.swift in Sources */ = {isa = PBXBuildFile; fileRef = F44F468B231614C8009585EA /* Game.swift */; };
		F451CBBE23104F44008FDFE8 /* CardTable.swift in Sources */ = {isa = PBXBuildFile; fileRef = F451CBBD23104F44008FDFE8 /* CardTable.swift */; };
		F45CEC0722FA26B000119E3E /* GameScreenViewController.swift in Sources */ = {isa = PBXBuildFile; fileRef = F45CEC0622FA26B000119E3E /* GameScreenViewController.swift */; };
		F45CEC0C22FE206200119E3E /* MemeCard.swift in Sources */ = {isa = PBXBuildFile; fileRef = F45CEC0B22FE206200119E3E /* MemeCard.swift */; };
		F45CEC0E22FE406500119E3E /* CardCollectionViewCell.swift in Sources */ = {isa = PBXBuildFile; fileRef = F45CEC0D22FE406500119E3E /* CardCollectionViewCell.swift */; };
		F45DACD222C5D25A004090C1 /* AppDelegate.swift in Sources */ = {isa = PBXBuildFile; fileRef = F45DACD122C5D25A004090C1 /* AppDelegate.swift */; };
		F45DACD422C5D25A004090C1 /* LoginViewController.swift in Sources */ = {isa = PBXBuildFile; fileRef = F45DACD322C5D25A004090C1 /* LoginViewController.swift */; };
		F45DACD722C5D25A004090C1 /* Main.storyboard in Resources */ = {isa = PBXBuildFile; fileRef = F45DACD522C5D25A004090C1 /* Main.storyboard */; };
		F45DACDA22C5D25A004090C1 /* M_A_H.xcdatamodeld in Sources */ = {isa = PBXBuildFile; fileRef = F45DACD822C5D25A004090C1 /* M_A_H.xcdatamodeld */; };
		F45DACDC22C5D25B004090C1 /* Assets.xcassets in Resources */ = {isa = PBXBuildFile; fileRef = F45DACDB22C5D25B004090C1 /* Assets.xcassets */; };
		F45DACDF22C5D25B004090C1 /* LaunchScreen.storyboard in Resources */ = {isa = PBXBuildFile; fileRef = F45DACDD22C5D25B004090C1 /* LaunchScreen.storyboard */; };
		F465139823CE3CFE003D2DAA /* RootViewController.swift in Sources */ = {isa = PBXBuildFile; fileRef = F465139723CE3CFE003D2DAA /* RootViewController.swift */; };
		F478243B2378ECDD00E843E9 /* WinningCardView.swift in Sources */ = {isa = PBXBuildFile; fileRef = F478243A2378ECDD00E843E9 /* WinningCardView.swift */; };
		F47FA14A2374A36600A7F0E9 /* PlayedCardCollectionViewCell.swift in Sources */ = {isa = PBXBuildFile; fileRef = F47FA1492374A36600A7F0E9 /* PlayedCardCollectionViewCell.swift */; };
		F483A3D422E39AC000D099BE /* FirebaseController.swift in Sources */ = {isa = PBXBuildFile; fileRef = F483A3D322E39AC000D099BE /* FirebaseController.swift */; };
		F483A3D622E39E9900D099BE /* Podfile in Resources */ = {isa = PBXBuildFile; fileRef = F483A3D522E39E9900D099BE /* Podfile */; };
		F48D8A7C23207C630043402E /* Extention + String.swift in Sources */ = {isa = PBXBuildFile; fileRef = F48D8A7B23207C630043402E /* Extention + String.swift */; };
		F494AE4023E118CE005F3BBA /* Extenion + UILabel.swift in Sources */ = {isa = PBXBuildFile; fileRef = F494AE3F23E118CE005F3BBA /* Extenion + UILabel.swift */; };
		F494AE4223E50503005F3BBA /* CardCollectionViewCell2.swift in Sources */ = {isa = PBXBuildFile; fileRef = F494AE4123E50503005F3BBA /* CardCollectionViewCell2.swift */; };
		F494AE4423E51660005F3BBA /* PlayedCardCollectionViewCell2.swift in Sources */ = {isa = PBXBuildFile; fileRef = F494AE4323E51660005F3BBA /* PlayedCardCollectionViewCell2.swift */; };
		F494AE4823E51CDD005F3BBA /* WinningCardView2.swift in Sources */ = {isa = PBXBuildFile; fileRef = F494AE4723E51CDD005F3BBA /* WinningCardView2.swift */; };
		F4A19BF8232807A600C453AA /* ResponseCard.swift in Sources */ = {isa = PBXBuildFile; fileRef = F4A19BF7232807A600C453AA /* ResponseCard.swift */; };
		F4ACF74C246369480087F0BE /* NavigationControllers.swift in Sources */ = {isa = PBXBuildFile; fileRef = F4ACF74B246369480087F0BE /* NavigationControllers.swift */; };
		F4B8459023B9AF4D0023EF55 /* EndGameViewController.swift in Sources */ = {isa = PBXBuildFile; fileRef = F4B8458F23B9AF4D0023EF55 /* EndGameViewController.swift */; };
		F4B8459223BA6AFA0023EF55 /* NotificationCenter.swift in Sources */ = {isa = PBXBuildFile; fileRef = F4B8459123BA6AFA0023EF55 /* NotificationCenter.swift */; };
		F4CD1A05247B600500337D69 /* GoogleService-Info.plist in Resources */ = {isa = PBXBuildFile; fileRef = F4CD1A04247B600500337D69 /* GoogleService-Info.plist */; };
/* End PBXBuildFile section */

/* Begin PBXFileReference section */
		03ECB90DC98F63EC987F9453 /* Pods_M_A_H.framework */ = {isa = PBXFileReference; explicitFileType = wrapper.framework; includeInIndex = 0; path = Pods_M_A_H.framework; sourceTree = BUILT_PRODUCTS_DIR; };
		D7F765A56BFF834DCC60BE0D /* Pods-M.A.H.debug.xcconfig */ = {isa = PBXFileReference; includeInIndex = 1; lastKnownFileType = text.xcconfig; name = "Pods-M.A.H.debug.xcconfig"; path = "Target Support Files/Pods-M.A.H/Pods-M.A.H.debug.xcconfig"; sourceTree = "<group>"; };
		F40832AC23D25C6900CEFF81 /* Member.swift */ = {isa = PBXFileReference; lastKnownFileType = sourcecode.swift; path = Member.swift; sourceTree = "<group>"; };
		F40832AE23D2693600CEFF81 /* ScoreboardCollectionViewCell.swift */ = {isa = PBXFileReference; lastKnownFileType = sourcecode.swift; path = ScoreboardCollectionViewCell.swift; sourceTree = "<group>"; };
		F41AC31D23BAC21B00F2B8C9 /* Extension + UIView.swift */ = {isa = PBXFileReference; lastKnownFileType = sourcecode.swift; path = "Extension + UIView.swift"; sourceTree = "<group>"; };
		F41DCC0A230259C70018C3D9 /* PromptCard.swift */ = {isa = PBXFileReference; lastKnownFileType = sourcecode.swift; path = PromptCard.swift; sourceTree = "<group>"; };
		F41DCC0C23033D1D0018C3D9 /* PromptCardView.swift */ = {isa = PBXFileReference; lastKnownFileType = sourcecode.swift; path = PromptCardView.swift; sourceTree = "<group>"; };
		F427EE1023260A1F0005F2A2 /* CollectionViewCard.swift */ = {isa = PBXFileReference; lastKnownFileType = sourcecode.swift; path = CollectionViewCard.swift; sourceTree = "<group>"; };
		F438B39C22E933C9008314AE /* Extension+UIImageView.swift */ = {isa = PBXFileReference; lastKnownFileType = sourcecode.swift; path = "Extension+UIImageView.swift"; sourceTree = "<group>"; };
		F438B3A222EA1050008314AE /* Constants.swift */ = {isa = PBXFileReference; lastKnownFileType = sourcecode.swift; path = Constants.swift; sourceTree = "<group>"; };
		F438B3A822EA19BB008314AE /* SignUpViewController.swift */ = {isa = PBXFileReference; lastKnownFileType = sourcecode.swift; path = SignUpViewController.swift; sourceTree = "<group>"; };
		F438B3AA22EA4E45008314AE /* StartGameViewController.swift */ = {isa = PBXFileReference; lastKnownFileType = sourcecode.swift; path = StartGameViewController.swift; sourceTree = "<group>"; };
		F438B3AC22EB675A008314AE /* LobbyViewController.swift */ = {isa = PBXFileReference; lastKnownFileType = sourcecode.swift; path = LobbyViewController.swift; sourceTree = "<group>"; };
		F438B3AE22EB6782008314AE /* InvitePlayersViewController.swift */ = {isa = PBXFileReference; lastKnownFileType = sourcecode.swift; path = InvitePlayersViewController.swift; sourceTree = "<group>"; };
		F438B3B022EB765D008314AE /* MemesCollectionViewController.swift */ = {isa = PBXFileReference; lastKnownFileType = sourcecode.swift; path = MemesCollectionViewController.swift; sourceTree = "<group>"; };
		F438B3B222EB7675008314AE /* PropmtsCollectionViewController.swift */ = {isa = PBXFileReference; lastKnownFileType = sourcecode.swift; path = PropmtsCollectionViewController.swift; sourceTree = "<group>"; };
		F438B3B422EBF7D8008314AE /* Session.swift */ = {isa = PBXFileReference; lastKnownFileType = sourcecode.swift; path = Session.swift; sourceTree = "<group>"; };
		F448E79E23AB090A00AEBDF3 /* EndGameCardView.swift */ = {isa = PBXFileReference; lastKnownFileType = sourcecode.swift; path = EndGameCardView.swift; sourceTree = "<group>"; };
		F44F468B231614C8009585EA /* Game.swift */ = {isa = PBXFileReference; lastKnownFileType = sourcecode.swift; path = Game.swift; sourceTree = "<group>"; };
		F451CBBD23104F44008FDFE8 /* CardTable.swift */ = {isa = PBXFileReference; lastKnownFileType = sourcecode.swift; path = CardTable.swift; sourceTree = "<group>"; };
		F45CEC0622FA26B000119E3E /* GameScreenViewController.swift */ = {isa = PBXFileReference; lastKnownFileType = sourcecode.swift; path = GameScreenViewController.swift; sourceTree = "<group>"; };
		F45CEC0B22FE206200119E3E /* MemeCard.swift */ = {isa = PBXFileReference; lastKnownFileType = sourcecode.swift; path = MemeCard.swift; sourceTree = "<group>"; };
		F45CEC0D22FE406500119E3E /* CardCollectionViewCell.swift */ = {isa = PBXFileReference; lastKnownFileType = sourcecode.swift; path = CardCollectionViewCell.swift; sourceTree = "<group>"; };
		F45DACCE22C5D25A004090C1 /* M.A.H.app */ = {isa = PBXFileReference; explicitFileType = wrapper.application; includeInIndex = 0; path = M.A.H.app; sourceTree = BUILT_PRODUCTS_DIR; };
		F45DACD122C5D25A004090C1 /* AppDelegate.swift */ = {isa = PBXFileReference; lastKnownFileType = sourcecode.swift; path = AppDelegate.swift; sourceTree = "<group>"; };
		F45DACD322C5D25A004090C1 /* LoginViewController.swift */ = {isa = PBXFileReference; lastKnownFileType = sourcecode.swift; path = LoginViewController.swift; sourceTree = "<group>"; };
		F45DACD622C5D25A004090C1 /* Base */ = {isa = PBXFileReference; lastKnownFileType = file.storyboard; name = Base; path = Base.lproj/Main.storyboard; sourceTree = "<group>"; };
		F45DACD922C5D25A004090C1 /* M_A_H.xcdatamodel */ = {isa = PBXFileReference; lastKnownFileType = wrapper.xcdatamodel; path = M_A_H.xcdatamodel; sourceTree = "<group>"; };
		F45DACDB22C5D25B004090C1 /* Assets.xcassets */ = {isa = PBXFileReference; lastKnownFileType = folder.assetcatalog; path = Assets.xcassets; sourceTree = "<group>"; };
		F45DACDE22C5D25B004090C1 /* Base */ = {isa = PBXFileReference; lastKnownFileType = file.storyboard; name = Base; path = Base.lproj/LaunchScreen.storyboard; sourceTree = "<group>"; };
		F45DACE022C5D25B004090C1 /* Info.plist */ = {isa = PBXFileReference; lastKnownFileType = text.plist.xml; path = Info.plist; sourceTree = "<group>"; };
		F465139723CE3CFE003D2DAA /* RootViewController.swift */ = {isa = PBXFileReference; lastKnownFileType = sourcecode.swift; path = RootViewController.swift; sourceTree = "<group>"; };
		F478243A2378ECDD00E843E9 /* WinningCardView.swift */ = {isa = PBXFileReference; lastKnownFileType = sourcecode.swift; path = WinningCardView.swift; sourceTree = "<group>"; };
		F47FA1492374A36600A7F0E9 /* PlayedCardCollectionViewCell.swift */ = {isa = PBXFileReference; lastKnownFileType = sourcecode.swift; path = PlayedCardCollectionViewCell.swift; sourceTree = "<group>"; };
		F483A3D322E39AC000D099BE /* FirebaseController.swift */ = {isa = PBXFileReference; lastKnownFileType = sourcecode.swift; path = FirebaseController.swift; sourceTree = "<group>"; };
		F483A3D522E39E9900D099BE /* Podfile */ = {isa = PBXFileReference; fileEncoding = 4; lastKnownFileType = text; path = Podfile; sourceTree = SOURCE_ROOT; xcLanguageSpecificationIdentifier = xcode.lang.ruby; };
		F48D8A7B23207C630043402E /* Extention + String.swift */ = {isa = PBXFileReference; lastKnownFileType = sourcecode.swift; path = "Extention + String.swift"; sourceTree = "<group>"; };
		F494AE3F23E118CE005F3BBA /* Extenion + UILabel.swift */ = {isa = PBXFileReference; lastKnownFileType = sourcecode.swift; path = "Extenion + UILabel.swift"; sourceTree = "<group>"; };
		F494AE4123E50503005F3BBA /* CardCollectionViewCell2.swift */ = {isa = PBXFileReference; lastKnownFileType = sourcecode.swift; path = CardCollectionViewCell2.swift; sourceTree = "<group>"; };
		F494AE4323E51660005F3BBA /* PlayedCardCollectionViewCell2.swift */ = {isa = PBXFileReference; lastKnownFileType = sourcecode.swift; path = PlayedCardCollectionViewCell2.swift; sourceTree = "<group>"; };
		F494AE4723E51CDD005F3BBA /* WinningCardView2.swift */ = {isa = PBXFileReference; lastKnownFileType = sourcecode.swift; path = WinningCardView2.swift; sourceTree = "<group>"; };
		F4A19BF7232807A600C453AA /* ResponseCard.swift */ = {isa = PBXFileReference; lastKnownFileType = sourcecode.swift; path = ResponseCard.swift; sourceTree = "<group>"; };
		F4ACF74B246369480087F0BE /* NavigationControllers.swift */ = {isa = PBXFileReference; lastKnownFileType = sourcecode.swift; path = NavigationControllers.swift; sourceTree = "<group>"; };
		F4B8458F23B9AF4D0023EF55 /* EndGameViewController.swift */ = {isa = PBXFileReference; lastKnownFileType = sourcecode.swift; path = EndGameViewController.swift; sourceTree = "<group>"; };
		F4B8459123BA6AFA0023EF55 /* NotificationCenter.swift */ = {isa = PBXFileReference; lastKnownFileType = sourcecode.swift; path = NotificationCenter.swift; sourceTree = "<group>"; };
		F4CD1949247B4B7000337D69 /* M.A.H.entitlements */ = {isa = PBXFileReference; lastKnownFileType = text.plist.entitlements; path = M.A.H.entitlements; sourceTree = "<group>"; };
		F4CD1A04247B600500337D69 /* GoogleService-Info.plist */ = {isa = PBXFileReference; fileEncoding = 4; lastKnownFileType = text.plist.xml; path = "GoogleService-Info.plist"; sourceTree = "<group>"; };
		F8FB59231A99A12FDDD63F3A /* Pods-M.A.H.release.xcconfig */ = {isa = PBXFileReference; includeInIndex = 1; lastKnownFileType = text.xcconfig; name = "Pods-M.A.H.release.xcconfig"; path = "Target Support Files/Pods-M.A.H/Pods-M.A.H.release.xcconfig"; sourceTree = "<group>"; };
/* End PBXFileReference section */

/* Begin PBXFrameworksBuildPhase section */
		F45DACCB22C5D25A004090C1 /* Frameworks */ = {
			isa = PBXFrameworksBuildPhase;
			buildActionMask = 2147483647;
			files = (
				376819AECA3A5D60329F6E2F /* Pods_M_A_H.framework in Frameworks */,
			);
			runOnlyForDeploymentPostprocessing = 0;
		};
/* End PBXFrameworksBuildPhase section */

/* Begin PBXGroup section */
		6553A0FD1ACFF5A6307A990D /* Pods */ = {
			isa = PBXGroup;
			children = (
				D7F765A56BFF834DCC60BE0D /* Pods-M.A.H.debug.xcconfig */,
				F8FB59231A99A12FDDD63F3A /* Pods-M.A.H.release.xcconfig */,
			);
			path = Pods;
			sourceTree = "<group>";
		};
		F438B3A422EA114E008314AE /* Models */ = {
			isa = PBXGroup;
			children = (
				F438B3B422EBF7D8008314AE /* Session.swift */,
				F45CEC0B22FE206200119E3E /* MemeCard.swift */,
				F4A19BF7232807A600C453AA /* ResponseCard.swift */,
				F41DCC0A230259C70018C3D9 /* PromptCard.swift */,
				F451CBBD23104F44008FDFE8 /* CardTable.swift */,
				F44F468B231614C8009585EA /* Game.swift */,
				F427EE1023260A1F0005F2A2 /* CollectionViewCard.swift */,
				F40832AC23D25C6900CEFF81 /* Member.swift */,
			);
			path = Models;
			sourceTree = "<group>";
		};
		F438B3A522EA1158008314AE /* Views */ = {
			isa = PBXGroup;
			children = (
				F45CEC0D22FE406500119E3E /* CardCollectionViewCell.swift */,
				F494AE4123E50503005F3BBA /* CardCollectionViewCell2.swift */,
				F41DCC0C23033D1D0018C3D9 /* PromptCardView.swift */,
				F47FA1492374A36600A7F0E9 /* PlayedCardCollectionViewCell.swift */,
				F494AE4323E51660005F3BBA /* PlayedCardCollectionViewCell2.swift */,
				F478243A2378ECDD00E843E9 /* WinningCardView.swift */,
				F448E79E23AB090A00AEBDF3 /* EndGameCardView.swift */,
				F40832AE23D2693600CEFF81 /* ScoreboardCollectionViewCell.swift */,
				F494AE4723E51CDD005F3BBA /* WinningCardView2.swift */,
			);
			path = Views;
			sourceTree = "<group>";
		};
		F438B3A622EA1160008314AE /* Controllers */ = {
			isa = PBXGroup;
			children = (
				F45DACD322C5D25A004090C1 /* LoginViewController.swift */,
				F438B3A822EA19BB008314AE /* SignUpViewController.swift */,
				F438B3AA22EA4E45008314AE /* StartGameViewController.swift */,
				F438B3AC22EB675A008314AE /* LobbyViewController.swift */,
				F438B3AE22EB6782008314AE /* InvitePlayersViewController.swift */,
				F438B3B022EB765D008314AE /* MemesCollectionViewController.swift */,
				F438B3B222EB7675008314AE /* PropmtsCollectionViewController.swift */,
				F45CEC0622FA26B000119E3E /* GameScreenViewController.swift */,
				F4B8458F23B9AF4D0023EF55 /* EndGameViewController.swift */,
				F465139723CE3CFE003D2DAA /* RootViewController.swift */,
				F4ACF74B246369480087F0BE /* NavigationControllers.swift */,
			);
			path = Controllers;
			sourceTree = "<group>";
		};
		F45DACC522C5D25A004090C1 = {
			isa = PBXGroup;
			children = (
				F4CD1A04247B600500337D69 /* GoogleService-Info.plist */,
				F45DACD022C5D25A004090C1 /* M.A.H */,
				F45DACCF22C5D25A004090C1 /* Products */,
				6553A0FD1ACFF5A6307A990D /* Pods */,
				FF953A71AA1D197F5457F33D /* Frameworks */,
			);
			sourceTree = "<group>";
		};
		F45DACCF22C5D25A004090C1 /* Products */ = {
			isa = PBXGroup;
			children = (
				F45DACCE22C5D25A004090C1 /* M.A.H.app */,
			);
			name = Products;
			sourceTree = "<group>";
		};
		F45DACD022C5D25A004090C1 /* M.A.H */ = {
			isa = PBXGroup;
			children = (
				F4CD1949247B4B7000337D69 /* M.A.H.entitlements */,
				F48D8A7A23207C4A0043402E /* Extensions */,
				F438B3A622EA1160008314AE /* Controllers */,
				F438B3A522EA1158008314AE /* Views */,
				F438B3A422EA114E008314AE /* Models */,
				F45DACD122C5D25A004090C1 /* AppDelegate.swift */,
				F483A3D322E39AC000D099BE /* FirebaseController.swift */,
				F45DACD522C5D25A004090C1 /* Main.storyboard */,
				F45DACDB22C5D25B004090C1 /* Assets.xcassets */,
				F45DACDD22C5D25B004090C1 /* LaunchScreen.storyboard */,
				F45DACE022C5D25B004090C1 /* Info.plist */,
				F45DACD822C5D25A004090C1 /* M_A_H.xcdatamodeld */,
				F483A3D522E39E9900D099BE /* Podfile */,
				F438B39C22E933C9008314AE /* Extension+UIImageView.swift */,
				F438B3A222EA1050008314AE /* Constants.swift */,
			);
			path = M.A.H;
			sourceTree = "<group>";
		};
		F48D8A7A23207C4A0043402E /* Extensions */ = {
			isa = PBXGroup;
			children = (
				F4B8459123BA6AFA0023EF55 /* NotificationCenter.swift */,
				F48D8A7B23207C630043402E /* Extention + String.swift */,
				F41AC31D23BAC21B00F2B8C9 /* Extension + UIView.swift */,
				F494AE3F23E118CE005F3BBA /* Extenion + UILabel.swift */,
			);
			path = Extensions;
			sourceTree = "<group>";
		};
		FF953A71AA1D197F5457F33D /* Frameworks */ = {
			isa = PBXGroup;
			children = (
				03ECB90DC98F63EC987F9453 /* Pods_M_A_H.framework */,
			);
			name = Frameworks;
			sourceTree = "<group>";
		};
/* End PBXGroup section */

/* Begin PBXNativeTarget section */
		F45DACCD22C5D25A004090C1 /* M.A.H */ = {
			isa = PBXNativeTarget;
			buildConfigurationList = F45DACE322C5D25B004090C1 /* Build configuration list for PBXNativeTarget "M.A.H" */;
			buildPhases = (
				29FBEB5C9A1DF663B2AED640 /* [CP] Check Pods Manifest.lock */,
				F45DACCA22C5D25A004090C1 /* Sources */,
				F45DACCB22C5D25A004090C1 /* Frameworks */,
				F45DACCC22C5D25A004090C1 /* Resources */,
				36A2ECC6F289ACC2EB022170 /* [CP] Embed Pods Frameworks */,
			);
			buildRules = (
			);
			dependencies = (
			);
			name = M.A.H;
			productName = M.A.H;
			productReference = F45DACCE22C5D25A004090C1 /* M.A.H.app */;
			productType = "com.apple.product-type.application";
		};
/* End PBXNativeTarget section */

/* Begin PBXProject section */
		F45DACC622C5D25A004090C1 /* Project object */ = {
			isa = PBXProject;
			attributes = {
				LastSwiftUpdateCheck = 1020;
				LastUpgradeCheck = 1020;
				ORGANIZATIONNAME = "Kadeem Palacios";
				TargetAttributes = {
					F45DACCD22C5D25A004090C1 = {
						CreatedOnToolsVersion = 10.2.1;
					};
				};
			};
			buildConfigurationList = F45DACC922C5D25A004090C1 /* Build configuration list for PBXProject "M.A.H" */;
			compatibilityVersion = "Xcode 9.3";
			developmentRegion = en;
			hasScannedForEncodings = 0;
			knownRegions = (
				en,
				Base,
			);
			mainGroup = F45DACC522C5D25A004090C1;
			productRefGroup = F45DACCF22C5D25A004090C1 /* Products */;
			projectDirPath = "";
			projectRoot = "";
			targets = (
				F45DACCD22C5D25A004090C1 /* M.A.H */,
			);
		};
/* End PBXProject section */

/* Begin PBXResourcesBuildPhase section */
		F45DACCC22C5D25A004090C1 /* Resources */ = {
			isa = PBXResourcesBuildPhase;
			buildActionMask = 2147483647;
			files = (
				F483A3D622E39E9900D099BE /* Podfile in Resources */,
				F45DACDF22C5D25B004090C1 /* LaunchScreen.storyboard in Resources */,
				F4CD1A05247B600500337D69 /* GoogleService-Info.plist in Resources */,
				F45DACDC22C5D25B004090C1 /* Assets.xcassets in Resources */,
				F45DACD722C5D25A004090C1 /* Main.storyboard in Resources */,
			);
			runOnlyForDeploymentPostprocessing = 0;
		};
/* End PBXResourcesBuildPhase section */

/* Begin PBXShellScriptBuildPhase section */
		29FBEB5C9A1DF663B2AED640 /* [CP] Check Pods Manifest.lock */ = {
			isa = PBXShellScriptBuildPhase;
			buildActionMask = 2147483647;
			files = (
			);
			inputFileListPaths = (
			);
			inputPaths = (
				"${PODS_PODFILE_DIR_PATH}/Podfile.lock",
				"${PODS_ROOT}/Manifest.lock",
			);
			name = "[CP] Check Pods Manifest.lock";
			outputFileListPaths = (
			);
			outputPaths = (
				"$(DERIVED_FILE_DIR)/Pods-M.A.H-checkManifestLockResult.txt",
			);
			runOnlyForDeploymentPostprocessing = 0;
			shellPath = /bin/sh;
			shellScript = "diff \"${PODS_PODFILE_DIR_PATH}/Podfile.lock\" \"${PODS_ROOT}/Manifest.lock\" > /dev/null\nif [ $? != 0 ] ; then\n    # print error to STDERR\n    echo \"error: The sandbox is not in sync with the Podfile.lock. Run 'pod install' or update your CocoaPods installation.\" >&2\n    exit 1\nfi\n# This output is used by Xcode 'outputs' to avoid re-running this script phase.\necho \"SUCCESS\" > \"${SCRIPT_OUTPUT_FILE_0}\"\n";
			showEnvVarsInLog = 0;
		};
		36A2ECC6F289ACC2EB022170 /* [CP] Embed Pods Frameworks */ = {
			isa = PBXShellScriptBuildPhase;
			buildActionMask = 2147483647;
			files = (
			);
			inputFileListPaths = (
				"${PODS_ROOT}/Target Support Files/Pods-M.A.H/Pods-M.A.H-frameworks-${CONFIGURATION}-input-files.xcfilelist",
			);
			name = "[CP] Embed Pods Frameworks";
			outputFileListPaths = (
				"${PODS_ROOT}/Target Support Files/Pods-M.A.H/Pods-M.A.H-frameworks-${CONFIGURATION}-output-files.xcfilelist",
			);
			runOnlyForDeploymentPostprocessing = 0;
			shellPath = /bin/sh;
			shellScript = "\"${PODS_ROOT}/Target Support Files/Pods-M.A.H/Pods-M.A.H-frameworks.sh\"\n";
			showEnvVarsInLog = 0;
		};
/* End PBXShellScriptBuildPhase section */

/* Begin PBXSourcesBuildPhase section */
		F45DACCA22C5D25A004090C1 /* Sources */ = {
			isa = PBXSourcesBuildPhase;
			buildActionMask = 2147483647;
			files = (
				F483A3D422E39AC000D099BE /* FirebaseController.swift in Sources */,
				F438B3B122EB765D008314AE /* MemesCollectionViewController.swift in Sources */,
				F438B3A922EA19BB008314AE /* SignUpViewController.swift in Sources */,
				F438B3AF22EB6782008314AE /* InvitePlayersViewController.swift in Sources */,
				F45DACD422C5D25A004090C1 /* LoginViewController.swift in Sources */,
				F48D8A7C23207C630043402E /* Extention + String.swift in Sources */,
				F438B39D22E933C9008314AE /* Extension+UIImageView.swift in Sources */,
				F494AE4223E50503005F3BBA /* CardCollectionViewCell2.swift in Sources */,
				F41DCC0B230259C70018C3D9 /* PromptCard.swift in Sources */,
				F40832AF23D2693600CEFF81 /* ScoreboardCollectionViewCell.swift in Sources */,
				F45DACDA22C5D25A004090C1 /* M_A_H.xcdatamodeld in Sources */,
				F47FA14A2374A36600A7F0E9 /* PlayedCardCollectionViewCell.swift in Sources */,
				F45CEC0C22FE206200119E3E /* MemeCard.swift in Sources */,
				F45CEC0E22FE406500119E3E /* CardCollectionViewCell.swift in Sources */,
				F41DCC0D23033D1D0018C3D9 /* PromptCardView.swift in Sources */,
				F448E79F23AB090A00AEBDF3 /* EndGameCardView.swift in Sources */,
				F44F468C231614C8009585EA /* Game.swift in Sources */,
				F4B8459223BA6AFA0023EF55 /* NotificationCenter.swift in Sources */,
				F494AE4823E51CDD005F3BBA /* WinningCardView2.swift in Sources */,
				F438B3B522EBF7D8008314AE /* Session.swift in Sources */,
				F45CEC0722FA26B000119E3E /* GameScreenViewController.swift in Sources */,
				F45DACD222C5D25A004090C1 /* AppDelegate.swift in Sources */,
				F438B3B322EB7675008314AE /* PropmtsCollectionViewController.swift in Sources */,
				F465139823CE3CFE003D2DAA /* RootViewController.swift in Sources */,
				F438B3AD22EB675A008314AE /* LobbyViewController.swift in Sources */,
				F4ACF74C246369480087F0BE /* NavigationControllers.swift in Sources */,
				F451CBBE23104F44008FDFE8 /* CardTable.swift in Sources */,
				F40832AD23D25C6900CEFF81 /* Member.swift in Sources */,
				F494AE4023E118CE005F3BBA /* Extenion + UILabel.swift in Sources */,
				F438B3A322EA1050008314AE /* Constants.swift in Sources */,
				F494AE4423E51660005F3BBA /* PlayedCardCollectionViewCell2.swift in Sources */,
				F4A19BF8232807A600C453AA /* ResponseCard.swift in Sources */,
				F427EE1123260A1F0005F2A2 /* CollectionViewCard.swift in Sources */,
				F41AC31E23BAC21B00F2B8C9 /* Extension + UIView.swift in Sources */,
				F478243B2378ECDD00E843E9 /* WinningCardView.swift in Sources */,
				F4B8459023B9AF4D0023EF55 /* EndGameViewController.swift in Sources */,
				F438B3AB22EA4E45008314AE /* StartGameViewController.swift in Sources */,
			);
			runOnlyForDeploymentPostprocessing = 0;
		};
/* End PBXSourcesBuildPhase section */

/* Begin PBXVariantGroup section */
		F45DACD522C5D25A004090C1 /* Main.storyboard */ = {
			isa = PBXVariantGroup;
			children = (
				F45DACD622C5D25A004090C1 /* Base */,
			);
			name = Main.storyboard;
			sourceTree = "<group>";
		};
		F45DACDD22C5D25B004090C1 /* LaunchScreen.storyboard */ = {
			isa = PBXVariantGroup;
			children = (
				F45DACDE22C5D25B004090C1 /* Base */,
			);
			name = LaunchScreen.storyboard;
			sourceTree = "<group>";
		};
/* End PBXVariantGroup section */

/* Begin XCBuildConfiguration section */
		F45DACE122C5D25B004090C1 /* Debug */ = {
			isa = XCBuildConfiguration;
			buildSettings = {
				ALWAYS_SEARCH_USER_PATHS = NO;
				CLANG_ANALYZER_NONNULL = YES;
				CLANG_ANALYZER_NUMBER_OBJECT_CONVERSION = YES_AGGRESSIVE;
				CLANG_CXX_LANGUAGE_STANDARD = "gnu++14";
				CLANG_CXX_LIBRARY = "libc++";
				CLANG_ENABLE_MODULES = YES;
				CLANG_ENABLE_OBJC_ARC = YES;
				CLANG_ENABLE_OBJC_WEAK = YES;
				CLANG_WARN_BLOCK_CAPTURE_AUTORELEASING = YES;
				CLANG_WARN_BOOL_CONVERSION = YES;
				CLANG_WARN_COMMA = YES;
				CLANG_WARN_CONSTANT_CONVERSION = YES;
				CLANG_WARN_DEPRECATED_OBJC_IMPLEMENTATIONS = YES;
				CLANG_WARN_DIRECT_OBJC_ISA_USAGE = YES_ERROR;
				CLANG_WARN_DOCUMENTATION_COMMENTS = YES;
				CLANG_WARN_EMPTY_BODY = YES;
				CLANG_WARN_ENUM_CONVERSION = YES;
				CLANG_WARN_INFINITE_RECURSION = YES;
				CLANG_WARN_INT_CONVERSION = YES;
				CLANG_WARN_NON_LITERAL_NULL_CONVERSION = YES;
				CLANG_WARN_OBJC_IMPLICIT_RETAIN_SELF = YES;
				CLANG_WARN_OBJC_LITERAL_CONVERSION = YES;
				CLANG_WARN_OBJC_ROOT_CLASS = YES_ERROR;
				CLANG_WARN_RANGE_LOOP_ANALYSIS = YES;
				CLANG_WARN_STRICT_PROTOTYPES = YES;
				CLANG_WARN_SUSPICIOUS_MOVE = YES;
				CLANG_WARN_UNGUARDED_AVAILABILITY = YES_AGGRESSIVE;
				CLANG_WARN_UNREACHABLE_CODE = YES;
				CLANG_WARN__DUPLICATE_METHOD_MATCH = YES;
				CODE_SIGN_IDENTITY = "iPhone Developer";
				COPY_PHASE_STRIP = NO;
				DEBUG_INFORMATION_FORMAT = dwarf;
				ENABLE_STRICT_OBJC_MSGSEND = YES;
				ENABLE_TESTABILITY = YES;
				GCC_C_LANGUAGE_STANDARD = gnu11;
				GCC_DYNAMIC_NO_PIC = NO;
				GCC_NO_COMMON_BLOCKS = YES;
				GCC_OPTIMIZATION_LEVEL = 0;
				GCC_PREPROCESSOR_DEFINITIONS = (
					"DEBUG=1",
					"$(inherited)",
				);
				GCC_WARN_64_TO_32_BIT_CONVERSION = YES;
				GCC_WARN_ABOUT_RETURN_TYPE = YES_ERROR;
				GCC_WARN_UNDECLARED_SELECTOR = YES;
				GCC_WARN_UNINITIALIZED_AUTOS = YES_AGGRESSIVE;
				GCC_WARN_UNUSED_FUNCTION = YES;
				GCC_WARN_UNUSED_VARIABLE = YES;
				IPHONEOS_DEPLOYMENT_TARGET = 12.2;
				MTL_ENABLE_DEBUG_INFO = INCLUDE_SOURCE;
				MTL_FAST_MATH = YES;
				ONLY_ACTIVE_ARCH = YES;
				SDKROOT = iphoneos;
				SWIFT_ACTIVE_COMPILATION_CONDITIONS = DEBUG;
				SWIFT_OPTIMIZATION_LEVEL = "-Onone";
			};
			name = Debug;
		};
		F45DACE222C5D25B004090C1 /* Release */ = {
			isa = XCBuildConfiguration;
			buildSettings = {
				ALWAYS_SEARCH_USER_PATHS = NO;
				CLANG_ANALYZER_NONNULL = YES;
				CLANG_ANALYZER_NUMBER_OBJECT_CONVERSION = YES_AGGRESSIVE;
				CLANG_CXX_LANGUAGE_STANDARD = "gnu++14";
				CLANG_CXX_LIBRARY = "libc++";
				CLANG_ENABLE_MODULES = YES;
				CLANG_ENABLE_OBJC_ARC = YES;
				CLANG_ENABLE_OBJC_WEAK = YES;
				CLANG_WARN_BLOCK_CAPTURE_AUTORELEASING = YES;
				CLANG_WARN_BOOL_CONVERSION = YES;
				CLANG_WARN_COMMA = YES;
				CLANG_WARN_CONSTANT_CONVERSION = YES;
				CLANG_WARN_DEPRECATED_OBJC_IMPLEMENTATIONS = YES;
				CLANG_WARN_DIRECT_OBJC_ISA_USAGE = YES_ERROR;
				CLANG_WARN_DOCUMENTATION_COMMENTS = YES;
				CLANG_WARN_EMPTY_BODY = YES;
				CLANG_WARN_ENUM_CONVERSION = YES;
				CLANG_WARN_INFINITE_RECURSION = YES;
				CLANG_WARN_INT_CONVERSION = YES;
				CLANG_WARN_NON_LITERAL_NULL_CONVERSION = YES;
				CLANG_WARN_OBJC_IMPLICIT_RETAIN_SELF = YES;
				CLANG_WARN_OBJC_LITERAL_CONVERSION = YES;
				CLANG_WARN_OBJC_ROOT_CLASS = YES_ERROR;
				CLANG_WARN_RANGE_LOOP_ANALYSIS = YES;
				CLANG_WARN_STRICT_PROTOTYPES = YES;
				CLANG_WARN_SUSPICIOUS_MOVE = YES;
				CLANG_WARN_UNGUARDED_AVAILABILITY = YES_AGGRESSIVE;
				CLANG_WARN_UNREACHABLE_CODE = YES;
				CLANG_WARN__DUPLICATE_METHOD_MATCH = YES;
				CODE_SIGN_IDENTITY = "iPhone Developer";
				COPY_PHASE_STRIP = NO;
				DEBUG_INFORMATION_FORMAT = "dwarf-with-dsym";
				ENABLE_NS_ASSERTIONS = NO;
				ENABLE_STRICT_OBJC_MSGSEND = YES;
				GCC_C_LANGUAGE_STANDARD = gnu11;
				GCC_NO_COMMON_BLOCKS = YES;
				GCC_WARN_64_TO_32_BIT_CONVERSION = YES;
				GCC_WARN_ABOUT_RETURN_TYPE = YES_ERROR;
				GCC_WARN_UNDECLARED_SELECTOR = YES;
				GCC_WARN_UNINITIALIZED_AUTOS = YES_AGGRESSIVE;
				GCC_WARN_UNUSED_FUNCTION = YES;
				GCC_WARN_UNUSED_VARIABLE = YES;
				IPHONEOS_DEPLOYMENT_TARGET = 12.2;
				MTL_ENABLE_DEBUG_INFO = NO;
				MTL_FAST_MATH = YES;
				SDKROOT = iphoneos;
				SWIFT_COMPILATION_MODE = wholemodule;
				SWIFT_OPTIMIZATION_LEVEL = "-O";
				VALIDATE_PRODUCT = YES;
			};
			name = Release;
		};
		F45DACE422C5D25B004090C1 /* Debug */ = {
			isa = XCBuildConfiguration;
			baseConfigurationReference = D7F765A56BFF834DCC60BE0D /* Pods-M.A.H.debug.xcconfig */;
			buildSettings = {
				ASSETCATALOG_COMPILER_APPICON_NAME = AppIcon;
				CODE_SIGN_ENTITLEMENTS = M.A.H/M.A.H.entitlements;
				CODE_SIGN_STYLE = Automatic;
				CURRENT_PROJECT_VERSION = 1.0;
				DEVELOPMENT_TEAM = 7G8EV52YPP;
				INFOPLIST_FILE = M.A.H/Info.plist;
				IPHONEOS_DEPLOYMENT_TARGET = 13.0;
				LD_RUNPATH_SEARCH_PATHS = (
					"$(inherited)",
					"@executable_path/Frameworks",
				);
				MARKETING_VERSION = 1.002;
				PRODUCT_BUNDLE_IDENTIFIER = "com.palacios.M-A-H";
				PRODUCT_NAME = "$(TARGET_NAME)";
				SWIFT_VERSION = 5.0;
				TARGETED_DEVICE_FAMILY = 1;
			};
			name = Debug;
		};
		F45DACE522C5D25B004090C1 /* Release */ = {
			isa = XCBuildConfiguration;
			baseConfigurationReference = F8FB59231A99A12FDDD63F3A /* Pods-M.A.H.release.xcconfig */;
			buildSettings = {
				ASSETCATALOG_COMPILER_APPICON_NAME = AppIcon;
				CODE_SIGN_ENTITLEMENTS = M.A.H/M.A.H.entitlements;
				CODE_SIGN_STYLE = Automatic;
				CURRENT_PROJECT_VERSION = 1.0;
				DEVELOPMENT_TEAM = 7G8EV52YPP;
				INFOPLIST_FILE = M.A.H/Info.plist;
				IPHONEOS_DEPLOYMENT_TARGET = 13.0;
				LD_RUNPATH_SEARCH_PATHS = (
					"$(inherited)",
					"@executable_path/Frameworks",
				);
				MARKETING_VERSION = 1.002;
				PRODUCT_BUNDLE_IDENTIFIER = "com.palacios.M-A-H";
				PRODUCT_NAME = "$(TARGET_NAME)";
				SWIFT_VERSION = 5.0;
				TARGETED_DEVICE_FAMILY = 1;
			};
			name = Release;
		};
/* End XCBuildConfiguration section */

/* Begin XCConfigurationList section */
		F45DACC922C5D25A004090C1 /* Build configuration list for PBXProject "M.A.H" */ = {
			isa = XCConfigurationList;
			buildConfigurations = (
				F45DACE122C5D25B004090C1 /* Debug */,
				F45DACE222C5D25B004090C1 /* Release */,
			);
			defaultConfigurationIsVisible = 0;
			defaultConfigurationName = Release;
		};
		F45DACE322C5D25B004090C1 /* Build configuration list for PBXNativeTarget "M.A.H" */ = {
			isa = XCConfigurationList;
			buildConfigurations = (
				F45DACE422C5D25B004090C1 /* Debug */,
				F45DACE522C5D25B004090C1 /* Release */,
			);
			defaultConfigurationIsVisible = 0;
			defaultConfigurationName = Release;
		};
/* End XCConfigurationList section */

/* Begin XCVersionGroup section */
		F45DACD822C5D25A004090C1 /* M_A_H.xcdatamodeld */ = {
			isa = XCVersionGroup;
			children = (
				F45DACD922C5D25A004090C1 /* M_A_H.xcdatamodel */,
			);
			currentVersion = F45DACD922C5D25A004090C1 /* M_A_H.xcdatamodel */;
			path = M_A_H.xcdatamodeld;
			sourceTree = "<group>";
			versionGroupType = wrapper.xcdatamodel;
		};
/* End XCVersionGroup section */
	};
	rootObject = F45DACC622C5D25A004090C1 /* Project object */;
}
